
Microsoft Visual Studio Solution File, Format Version 12.00
# Visual Studio Version 16
VisualStudioVersion = 16.0.31025.218
MinimumVisualStudioVersion = 10.0.40219.1
Project("{FAE04EC0-301F-11D3-BF4B-00C04F79EFBC}") = "TeamContributionAndBudgetSystemWebApp", "TeamContributionAndBudgetSystemWebApp\TeamContributionAndBudgetSystemWebApp.csproj", "{5810F627-74F8-4442-8C92-7BD4A9594DF6}"
EndProject
Project("{FAE04EC0-301F-11D3-BF4B-00C04F79EFBC}") = "TeamContributionAndBudgetSystemWebApp.Tests", "TeamContributionAndBudgetSystemWebApp.Tests\TeamContributionAndBudgetSystemWebApp.Tests.csproj", "{1EA621E6-3BBA-4010-8FAD-396E9326EFF6}"
EndProject
Project("{FAE04EC0-301F-11D3-BF4B-00C04F79EFBC}") = "TCABS_DataLibrary", "TCABS_DataLibrary\TCABS_DataLibrary.csproj", "{CDF3881E-AC4B-4558-8791-FCBA587048CB}"
EndProject
Project("{00D1A9C2-B5F0-4AF3-8072-F6C62B433612}") = "TCABS_DB", "TCABS_DB\TCABS_DB.sqlproj", "{D7B0EB32-7550-46F0-B76E-791665E149FC}"
EndProject
Global
	GlobalSection(SolutionConfigurationPlatforms) = preSolution
		Debug|Any CPU = Debug|Any CPU
		Release|Any CPU = Release|Any CPU
	EndGlobalSection
	GlobalSection(ProjectConfigurationPlatforms) = postSolution
		{5810F627-74F8-4442-8C92-7BD4A9594DF6}.Debug|Any CPU.ActiveCfg = Debug|Any CPU
		{5810F627-74F8-4442-8C92-7BD4A9594DF6}.Debug|Any CPU.Build.0 = Debug|Any CPU
		{5810F627-74F8-4442-8C92-7BD4A9594DF6}.Release|Any CPU.ActiveCfg = Release|Any CPU
		{5810F627-74F8-4442-8C92-7BD4A9594DF6}.Release|Any CPU.Build.0 = Release|Any CPU
		{1EA621E6-3BBA-4010-8FAD-396E9326EFF6}.Debug|Any CPU.ActiveCfg = Debug|Any CPU
		{1EA621E6-3BBA-4010-8FAD-396E9326EFF6}.Debug|Any CPU.Build.0 = Debug|Any CPU
		{1EA621E6-3BBA-4010-8FAD-396E9326EFF6}.Release|Any CPU.ActiveCfg = Release|Any CPU
		{1EA621E6-3BBA-4010-8FAD-396E9326EFF6}.Release|Any CPU.Build.0 = Release|Any CPU
		{CDF3881E-AC4B-4558-8791-FCBA587048CB}.Debug|Any CPU.ActiveCfg = Debug|Any CPU
		{CDF3881E-AC4B-4558-8791-FCBA587048CB}.Debug|Any CPU.Build.0 = Debug|Any CPU
		{CDF3881E-AC4B-4558-8791-FCBA587048CB}.Release|Any CPU.ActiveCfg = Release|Any CPU
		{CDF3881E-AC4B-4558-8791-FCBA587048CB}.Release|Any CPU.Build.0 = Release|Any CPU
		{D7B0EB32-7550-46F0-B76E-791665E149FC}.Debug|Any CPU.ActiveCfg = Debug|Any CPU
		{D7B0EB32-7550-46F0-B76E-791665E149FC}.Debug|Any CPU.Build.0 = Debug|Any CPU
		{D7B0EB32-7550-46F0-B76E-791665E149FC}.Debug|Any CPU.Deploy.0 = Debug|Any CPU
		{D7B0EB32-7550-46F0-B76E-791665E149FC}.Release|Any CPU.ActiveCfg = Release|Any CPU
		{D7B0EB32-7550-46F0-B76E-791665E149FC}.Release|Any CPU.Build.0 = Release|Any CPU
		{D7B0EB32-7550-46F0-B76E-791665E149FC}.Release|Any CPU.Deploy.0 = Release|Any CPU
	EndGlobalSection
	GlobalSection(SolutionProperties) = preSolution
		HideSolutionNode = FALSE
	EndGlobalSection
	GlobalSection(ExtensibilityGlobals) = postSolution
		SolutionGuid = {032AB57E-58F1-438D-B8EA-E0DC75D5060E}
	EndGlobalSection
EndGlobal
